
Microsoft Visual Studio Solution File, Format Version 12.00
# Visual Studio Version 17
VisualStudioVersion = 17.3.32929.385
MinimumVisualStudioVersion = 10.0.40219.1
Project("{FAE04EC0-301F-11D3-BF4B-00C04F79EFBC}") = "taoGioHang", "taoGioHang.csproj", "{9A85BB4C-1FF5-41DE-A75D-1BE205FB04E3}"
EndProject
Global
	GlobalSection(SolutionConfigurationPlatforms) = preSolution
		Debug|Any CPU = Debug|Any CPU
		Release|Any CPU = Release|Any CPU
	EndGlobalSection
	GlobalSection(ProjectConfigurationPlatforms) = postSolution
		{9A85BB4C-1FF5-41DE-A75D-1BE205FB04E3}.Debug|Any CPU.ActiveCfg = Debug|Any CPU
		{9A85BB4C-1FF5-41DE-A75D-1BE205FB04E3}.Debug|Any CPU.Build.0 = Debug|Any CPU
		{9A85BB4C-1FF5-41DE-A75D-1BE205FB04E3}.Release|Any CPU.ActiveCfg = Release|Any CPU
		{9A85BB4C-1FF5-41DE-A75D-1BE205FB04E3}.Release|Any CPU.Build.0 = Release|Any CPU
	EndGlobalSection
	GlobalSection(SolutionProperties) = preSolution
		HideSolutionNode = FALSE
	EndGlobalSection
	GlobalSection(ExtensibilityGlobals) = postSolution
		SolutionGuid = {813CAB9A-69E6-4238-ADFC-8E95048E05D3}
	EndGlobalSection
EndGlobal
