
Microsoft Visual Studio Solution File, Format Version 12.00
# Visual Studio Version 17
VisualStudioVersion = 17.3.32929.385
MinimumVisualStudioVersion = 10.0.40219.1
Project("{FAE04EC0-301F-11D3-BF4B-00C04F79EFBC}") = "lab4", "lab4.csproj", "{EF9AE508-0706-4F7D-8F49-E3848AF3DFB1}"
EndProject
Project("{FAE04EC0-301F-11D3-BF4B-00C04F79EFBC}") = "lab4.2", "..\lab4.2\lab4.2.csproj", "{4E366D6C-BDBD-43AD-A9E8-C5B70A0EDD8B}"
EndProject
Global
	GlobalSection(SolutionConfigurationPlatforms) = preSolution
		Debug|Any CPU = Debug|Any CPU
		Release|Any CPU = Release|Any CPU
	EndGlobalSection
	GlobalSection(ProjectConfigurationPlatforms) = postSolution
		{EF9AE508-0706-4F7D-8F49-E3848AF3DFB1}.Debug|Any CPU.ActiveCfg = Debug|Any CPU
		{EF9AE508-0706-4F7D-8F49-E3848AF3DFB1}.Debug|Any CPU.Build.0 = Debug|Any CPU
		{EF9AE508-0706-4F7D-8F49-E3848AF3DFB1}.Release|Any CPU.ActiveCfg = Release|Any CPU
		{EF9AE508-0706-4F7D-8F49-E3848AF3DFB1}.Release|Any CPU.Build.0 = Release|Any CPU
		{4E366D6C-BDBD-43AD-A9E8-C5B70A0EDD8B}.Debug|Any CPU.ActiveCfg = Debug|Any CPU
		{4E366D6C-BDBD-43AD-A9E8-C5B70A0EDD8B}.Debug|Any CPU.Build.0 = Debug|Any CPU
		{4E366D6C-BDBD-43AD-A9E8-C5B70A0EDD8B}.Release|Any CPU.ActiveCfg = Release|Any CPU
		{4E366D6C-BDBD-43AD-A9E8-C5B70A0EDD8B}.Release|Any CPU.Build.0 = Release|Any CPU
	EndGlobalSection
	GlobalSection(SolutionProperties) = preSolution
		HideSolutionNode = FALSE
	EndGlobalSection
	GlobalSection(ExtensibilityGlobals) = postSolution
		SolutionGuid = {FE0A3FC9-2151-4F25-B4B2-787DDAE390A5}
	EndGlobalSection
EndGlobal
